
Microsoft Visual Studio Solution File, Format Version 12.00
# Visual Studio Version 17
VisualStudioVersion = 17.5.002.0
MinimumVisualStudioVersion = 10.0.40219.1
Project("{9A19103F-16F7-4668-BE54-9A1E7A4F7556}") = "Articly.Entites", "Articly.Entites\Articly.Entites.csproj", "{97775863-940F-471C-A25A-EB1B3FA45426}"
EndProject
Global
	GlobalSection(SolutionConfigurationPlatforms) = preSolution
		Debug|Any CPU = Debug|Any CPU
		Release|Any CPU = Release|Any CPU
	EndGlobalSection
	GlobalSection(ProjectConfigurationPlatforms) = postSolution
		{97775863-940F-471C-A25A-EB1B3FA45426}.Debug|Any CPU.ActiveCfg = Debug|Any CPU
		{97775863-940F-471C-A25A-EB1B3FA45426}.Debug|Any CPU.Build.0 = Debug|Any CPU
		{97775863-940F-471C-A25A-EB1B3FA45426}.Release|Any CPU.ActiveCfg = Release|Any CPU
		{97775863-940F-471C-A25A-EB1B3FA45426}.Release|Any CPU.Build.0 = Release|Any CPU
	EndGlobalSection
	GlobalSection(SolutionProperties) = preSolution
		HideSolutionNode = FALSE
	EndGlobalSection
	GlobalSection(ExtensibilityGlobals) = postSolution
		SolutionGuid = {CC647F12-FB05-4658-B150-C0D04C35D40A}
	EndGlobalSection
EndGlobal
